
Microsoft Visual Studio Solution File, Format Version 12.00
# Visual Studio Version 17
VisualStudioVersion = 17.3.32825.248
MinimumVisualStudioVersion = 10.0.40219.1
Project("{9A19103F-16F7-4668-BE54-9A1E7A4F7556}") = "VerdonSale", "VerdonSale.csproj", "{6F5B123E-B8A6-4741-9D3B-B0757944A98D}"
EndProject
Global
	GlobalSection(SolutionConfigurationPlatforms) = preSolution
		Debug|Any CPU = Debug|Any CPU
		Release|Any CPU = Release|Any CPU
	EndGlobalSection
	GlobalSection(ProjectConfigurationPlatforms) = postSolution
		{6F5B123E-B8A6-4741-9D3B-B0757944A98D}.Debug|Any CPU.ActiveCfg = Debug|Any CPU
		{6F5B123E-B8A6-4741-9D3B-B0757944A98D}.Debug|Any CPU.Build.0 = Debug|Any CPU
		{6F5B123E-B8A6-4741-9D3B-B0757944A98D}.Release|Any CPU.ActiveCfg = Release|Any CPU
		{6F5B123E-B8A6-4741-9D3B-B0757944A98D}.Release|Any CPU.Build.0 = Release|Any CPU
	EndGlobalSection
	GlobalSection(SolutionProperties) = preSolution
		HideSolutionNode = FALSE
	EndGlobalSection
	GlobalSection(ExtensibilityGlobals) = postSolution
		SolutionGuid = {89F9F70F-11F8-4F53-A648-3A293A5579A6}
	EndGlobalSection
EndGlobal
